
Microsoft Visual Studio Solution File, Format Version 12.00
# Visual Studio Version 16
VisualStudioVersion = 16.0.32228.343
MinimumVisualStudioVersion = 10.0.40219.1
Project("{FAE04EC0-301F-11D3-BF4B-00C04F79EFBC}") = "Invetario_Amazon", "Invetario_Amazon.csproj", "{5036B8FD-305C-4F5C-9CA9-F4F3AB3776ED}"
EndProject
Global
	GlobalSection(SolutionConfigurationPlatforms) = preSolution
		Debug|Any CPU = Debug|Any CPU
		Release|Any CPU = Release|Any CPU
	EndGlobalSection
	GlobalSection(ProjectConfigurationPlatforms) = postSolution
		{5036B8FD-305C-4F5C-9CA9-F4F3AB3776ED}.Debug|Any CPU.ActiveCfg = Debug|Any CPU
		{5036B8FD-305C-4F5C-9CA9-F4F3AB3776ED}.Debug|Any CPU.Build.0 = Debug|Any CPU
		{5036B8FD-305C-4F5C-9CA9-F4F3AB3776ED}.Release|Any CPU.ActiveCfg = Release|Any CPU
		{5036B8FD-305C-4F5C-9CA9-F4F3AB3776ED}.Release|Any CPU.Build.0 = Release|Any CPU
	EndGlobalSection
	GlobalSection(SolutionProperties) = preSolution
		HideSolutionNode = FALSE
	EndGlobalSection
	GlobalSection(ExtensibilityGlobals) = postSolution
		SolutionGuid = {B2EA9FFA-3B67-4112-9A89-3DB7E68B323C}
	EndGlobalSection
EndGlobal
